
Microsoft Visual Studio Solution File, Format Version 12.00
# Visual Studio 15
VisualStudioVersion = 15.0.28307.168
MinimumVisualStudioVersion = 10.0.40219.1
Project("{FAE04EC0-301F-11D3-BF4B-00C04F79EFBC}") = "Inversao", "Inversao\Inversao.csproj", "{7421FBD4-4744-4FF4-80D9-69B0C7353AC8}"
EndProject
Global
	GlobalSection(SolutionConfigurationPlatforms) = preSolution
		Debug|Any CPU = Debug|Any CPU
		Release|Any CPU = Release|Any CPU
	EndGlobalSection
	GlobalSection(ProjectConfigurationPlatforms) = postSolution
		{7421FBD4-4744-4FF4-80D9-69B0C7353AC8}.Debug|Any CPU.ActiveCfg = Debug|Any CPU
		{7421FBD4-4744-4FF4-80D9-69B0C7353AC8}.Debug|Any CPU.Build.0 = Debug|Any CPU
		{7421FBD4-4744-4FF4-80D9-69B0C7353AC8}.Release|Any CPU.ActiveCfg = Release|Any CPU
		{7421FBD4-4744-4FF4-80D9-69B0C7353AC8}.Release|Any CPU.Build.0 = Release|Any CPU
	EndGlobalSection
	GlobalSection(SolutionProperties) = preSolution
		HideSolutionNode = FALSE
	EndGlobalSection
	GlobalSection(ExtensibilityGlobals) = postSolution
		SolutionGuid = {F31EA114-A531-4539-9CB2-D7D162FBD4BA}
	EndGlobalSection
EndGlobal
